
Microsoft Visual Studio Solution File, Format Version 12.00
# Visual Studio 2012
Project("{FAE04EC0-301F-11D3-BF4B-00C04F79EFBC}") = "Alta de Reportes", "Alta de Reportes\Alta de Reportes.csproj", "{D339AE16-D5BB-4842-AFB0-9969A69BEF43}"
EndProject
Global
	GlobalSection(SolutionConfigurationPlatforms) = preSolution
		Debug|Any CPU = Debug|Any CPU
		Release|Any CPU = Release|Any CPU
	EndGlobalSection
	GlobalSection(ProjectConfigurationPlatforms) = postSolution
		{D339AE16-D5BB-4842-AFB0-9969A69BEF43}.Debug|Any CPU.ActiveCfg = Debug|Any CPU
		{D339AE16-D5BB-4842-AFB0-9969A69BEF43}.Debug|Any CPU.Build.0 = Debug|Any CPU
		{D339AE16-D5BB-4842-AFB0-9969A69BEF43}.Release|Any CPU.ActiveCfg = Release|Any CPU
		{D339AE16-D5BB-4842-AFB0-9969A69BEF43}.Release|Any CPU.Build.0 = Release|Any CPU
	EndGlobalSection
	GlobalSection(SolutionProperties) = preSolution
		HideSolutionNode = FALSE
	EndGlobalSection
EndGlobal
